
Microsoft Visual Studio Solution File, Format Version 12.00
# Visual Studio 15
VisualStudioVersion = 15.0.28307.168
MinimumVisualStudioVersion = 10.0.40219.1
Project("{2150E333-8FDC-42A3-9474-1A3956D46DE8}") = "Webs", "Webs", "{132F805B-C78D-488E-BD6C-1EB64E236A26}"
EndProject
Project("{2150E333-8FDC-42A3-9474-1A3956D46DE8}") = "src", "src", "{FA5D42A4-1ACE-4AB9-936A-382EF25A145D}"
EndProject
Project("{2150E333-8FDC-42A3-9474-1A3956D46DE8}") = "BuildingBlocks", "BuildingBlocks", "{763A5675-043C-42E2-AC04-50038CECC6A4}"
EndProject
Project("{2150E333-8FDC-42A3-9474-1A3956D46DE8}") = "HealthChecks", "HealthChecks", "{4FF7D4AA-9DA9-40C8-BAC8-68FFEBC45BE4}"
EndProject
Project("{2150E333-8FDC-42A3-9474-1A3956D46DE8}") = "WebHost", "WebHost", "{4BF8B385-B390-4ED0-8000-CB3963AF0C30}"
EndProject
Project("{9A19103F-16F7-4668-BE54-9A1E7A4F7556}") = "Microsoft.Extensions.HealthChecks", "src\BuildingBlocks\HealthChecks\src\Microsoft.Extensions.HealthChecks\Microsoft.Extensions.HealthChecks.csproj", "{4570A1EC-5096-4B50-8A66-387A9BBDE0E5}"
EndProject
Project("{9A19103F-16F7-4668-BE54-9A1E7A4F7556}") = "WebHost.Customization", "src\BuildingBlocks\WebHost.Customization\WebHost.Customization.csproj", "{3F2D880F-74B5-441F-A438-3B797FEC5F9B}"
EndProject
Project("{9A19103F-16F7-4668-BE54-9A1E7A4F7556}") = "Microservices.WebMVC", "src\Web\Microservices.WebMVC\Microservices.WebMVC.csproj", "{3419D936-E8B4-4529-B417-1740E6EE3251}"
EndProject
Project("{9A19103F-16F7-4668-BE54-9A1E7A4F7556}") = "Microsoft.AspNetCore.HealthChecks", "src\BuildingBlocks\HealthChecks\src\Microsoft.AspNetCore.HealthChecks\Microsoft.AspNetCore.HealthChecks.csproj", "{FD386E94-9C51-44AE-8979-6E55D8E8398A}"
EndProject
Project("{9A19103F-16F7-4668-BE54-9A1E7A4F7556}") = "Microsoft.Extensions.HealthChecks.AzureStorage", "src\BuildingBlocks\HealthChecks\src\Microsoft.Extensions.HealthChecks.AzureStorage\Microsoft.Extensions.HealthChecks.AzureStorage.csproj", "{088DCCDC-9AC4-4B80-BA1A-D49EED26F7DA}"
EndProject
Project("{9A19103F-16F7-4668-BE54-9A1E7A4F7556}") = "Microsoft.Extensions.HealthChecks.SqlServer", "src\BuildingBlocks\HealthChecks\src\Microsoft.Extensions.HealthChecks.SqlServer\Microsoft.Extensions.HealthChecks.SqlServer.csproj", "{4C9C3F96-33E8-4172-8E6D-28D99D691208}"
EndProject
Project("{2150E333-8FDC-42A3-9474-1A3956D46DE8}") = "Services", "Services", "{E4E442B2-97C1-45A1-85FD-6B68D0A4E491}"
EndProject
Project("{2150E333-8FDC-42A3-9474-1A3956D46DE8}") = "Identity", "Identity", "{2436425A-46F6-4549-AB0D-863FC3281CEF}"
EndProject
Project("{9A19103F-16F7-4668-BE54-9A1E7A4F7556}") = "Identity.API", "src\Services\Identity\Identity.API\Identity.API.csproj", "{BBA179EA-9EE1-43F8-B112-5B0129CB3759}"
EndProject
Project("{E53339B2-1760-4266-BCC7-CA923CBCF16C}") = "docker-compose", "docker-compose.dcproj", "{6F96CAF4-BF2A-4F5C-AA07-D3027CE44B6B}"
EndProject
Global
	GlobalSection(SolutionConfigurationPlatforms) = preSolution
		Debug|Any CPU = Debug|Any CPU
		Release|Any CPU = Release|Any CPU
	EndGlobalSection
	GlobalSection(ProjectConfigurationPlatforms) = postSolution
		{4570A1EC-5096-4B50-8A66-387A9BBDE0E5}.Debug|Any CPU.ActiveCfg = Debug|Any CPU
		{4570A1EC-5096-4B50-8A66-387A9BBDE0E5}.Debug|Any CPU.Build.0 = Debug|Any CPU
		{4570A1EC-5096-4B50-8A66-387A9BBDE0E5}.Release|Any CPU.ActiveCfg = Release|Any CPU
		{4570A1EC-5096-4B50-8A66-387A9BBDE0E5}.Release|Any CPU.Build.0 = Release|Any CPU
		{3F2D880F-74B5-441F-A438-3B797FEC5F9B}.Debug|Any CPU.ActiveCfg = Debug|Any CPU
		{3F2D880F-74B5-441F-A438-3B797FEC5F9B}.Debug|Any CPU.Build.0 = Debug|Any CPU
		{3F2D880F-74B5-441F-A438-3B797FEC5F9B}.Release|Any CPU.ActiveCfg = Release|Any CPU
		{3F2D880F-74B5-441F-A438-3B797FEC5F9B}.Release|Any CPU.Build.0 = Release|Any CPU
		{3419D936-E8B4-4529-B417-1740E6EE3251}.Debug|Any CPU.ActiveCfg = Debug|Any CPU
		{3419D936-E8B4-4529-B417-1740E6EE3251}.Debug|Any CPU.Build.0 = Debug|Any CPU
		{3419D936-E8B4-4529-B417-1740E6EE3251}.Release|Any CPU.ActiveCfg = Release|Any CPU
		{3419D936-E8B4-4529-B417-1740E6EE3251}.Release|Any CPU.Build.0 = Release|Any CPU
		{FD386E94-9C51-44AE-8979-6E55D8E8398A}.Debug|Any CPU.ActiveCfg = Debug|Any CPU
		{FD386E94-9C51-44AE-8979-6E55D8E8398A}.Debug|Any CPU.Build.0 = Debug|Any CPU
		{FD386E94-9C51-44AE-8979-6E55D8E8398A}.Release|Any CPU.ActiveCfg = Release|Any CPU
		{FD386E94-9C51-44AE-8979-6E55D8E8398A}.Release|Any CPU.Build.0 = Release|Any CPU
		{088DCCDC-9AC4-4B80-BA1A-D49EED26F7DA}.Debug|Any CPU.ActiveCfg = Debug|Any CPU
		{088DCCDC-9AC4-4B80-BA1A-D49EED26F7DA}.Debug|Any CPU.Build.0 = Debug|Any CPU
		{088DCCDC-9AC4-4B80-BA1A-D49EED26F7DA}.Release|Any CPU.ActiveCfg = Release|Any CPU
		{088DCCDC-9AC4-4B80-BA1A-D49EED26F7DA}.Release|Any CPU.Build.0 = Release|Any CPU
		{4C9C3F96-33E8-4172-8E6D-28D99D691208}.Debug|Any CPU.ActiveCfg = Debug|Any CPU
		{4C9C3F96-33E8-4172-8E6D-28D99D691208}.Debug|Any CPU.Build.0 = Debug|Any CPU
		{4C9C3F96-33E8-4172-8E6D-28D99D691208}.Release|Any CPU.ActiveCfg = Release|Any CPU
		{4C9C3F96-33E8-4172-8E6D-28D99D691208}.Release|Any CPU.Build.0 = Release|Any CPU
		{BBA179EA-9EE1-43F8-B112-5B0129CB3759}.Debug|Any CPU.ActiveCfg = Debug|Any CPU
		{BBA179EA-9EE1-43F8-B112-5B0129CB3759}.Debug|Any CPU.Build.0 = Debug|Any CPU
		{BBA179EA-9EE1-43F8-B112-5B0129CB3759}.Release|Any CPU.ActiveCfg = Release|Any CPU
		{BBA179EA-9EE1-43F8-B112-5B0129CB3759}.Release|Any CPU.Build.0 = Release|Any CPU
		{6F96CAF4-BF2A-4F5C-AA07-D3027CE44B6B}.Debug|Any CPU.ActiveCfg = Debug|Any CPU
		{6F96CAF4-BF2A-4F5C-AA07-D3027CE44B6B}.Debug|Any CPU.Build.0 = Debug|Any CPU
		{6F96CAF4-BF2A-4F5C-AA07-D3027CE44B6B}.Release|Any CPU.ActiveCfg = Release|Any CPU
		{6F96CAF4-BF2A-4F5C-AA07-D3027CE44B6B}.Release|Any CPU.Build.0 = Release|Any CPU
	EndGlobalSection
	GlobalSection(SolutionProperties) = preSolution
		HideSolutionNode = FALSE
	EndGlobalSection
	GlobalSection(NestedProjects) = preSolution
		{132F805B-C78D-488E-BD6C-1EB64E236A26} = {FA5D42A4-1ACE-4AB9-936A-382EF25A145D}
		{763A5675-043C-42E2-AC04-50038CECC6A4} = {FA5D42A4-1ACE-4AB9-936A-382EF25A145D}
		{4FF7D4AA-9DA9-40C8-BAC8-68FFEBC45BE4} = {763A5675-043C-42E2-AC04-50038CECC6A4}
		{4BF8B385-B390-4ED0-8000-CB3963AF0C30} = {763A5675-043C-42E2-AC04-50038CECC6A4}
		{4570A1EC-5096-4B50-8A66-387A9BBDE0E5} = {4FF7D4AA-9DA9-40C8-BAC8-68FFEBC45BE4}
		{3F2D880F-74B5-441F-A438-3B797FEC5F9B} = {4BF8B385-B390-4ED0-8000-CB3963AF0C30}
		{3419D936-E8B4-4529-B417-1740E6EE3251} = {132F805B-C78D-488E-BD6C-1EB64E236A26}
		{FD386E94-9C51-44AE-8979-6E55D8E8398A} = {4FF7D4AA-9DA9-40C8-BAC8-68FFEBC45BE4}
		{088DCCDC-9AC4-4B80-BA1A-D49EED26F7DA} = {4FF7D4AA-9DA9-40C8-BAC8-68FFEBC45BE4}
		{4C9C3F96-33E8-4172-8E6D-28D99D691208} = {4FF7D4AA-9DA9-40C8-BAC8-68FFEBC45BE4}
		{E4E442B2-97C1-45A1-85FD-6B68D0A4E491} = {FA5D42A4-1ACE-4AB9-936A-382EF25A145D}
		{2436425A-46F6-4549-AB0D-863FC3281CEF} = {E4E442B2-97C1-45A1-85FD-6B68D0A4E491}
		{BBA179EA-9EE1-43F8-B112-5B0129CB3759} = {2436425A-46F6-4549-AB0D-863FC3281CEF}
	EndGlobalSection
	GlobalSection(ExtensibilityGlobals) = postSolution
		SolutionGuid = {10C6B3CD-C162-4B6D-88AF-158F408534E1}
	EndGlobalSection
EndGlobal
